// !$*UTF8*$!
{
	archiveVersion = 1;
	classes = {
	};
	objectVersion = 56;
	objects = {

/* Begin PBXBuildFile section */
		151E70572940D970000F9ED0 /* AppDelegate.swift in Sources */ = {isa = PBXBuildFile; fileRef = 151E70562940D970000F9ED0 /* AppDelegate.swift */; };
		151E70592940D970000F9ED0 /* SceneDelegate.swift in Sources */ = {isa = PBXBuildFile; fileRef = 151E70582940D970000F9ED0 /* SceneDelegate.swift */; };
		151E705B2940D970000F9ED0 /* DealsViewController.swift in Sources */ = {isa = PBXBuildFile; fileRef = 151E705A2940D970000F9ED0 /* DealsViewController.swift */; };
		151E70602940D971000F9ED0 /* Assets.xcassets in Resources */ = {isa = PBXBuildFile; fileRef = 151E705F2940D971000F9ED0 /* Assets.xcassets */; };
		151E70632940D971000F9ED0 /* LaunchScreen.storyboard in Resources */ = {isa = PBXBuildFile; fileRef = 151E70612940D971000F9ED0 /* LaunchScreen.storyboard */; };
		151E706B2940D98C000F9ED0 /* Server.swift in Sources */ = {isa = PBXBuildFile; fileRef = 151E706A2940D98C000F9ED0 /* Server.swift */; };
		151E706F2941FC75000F9ED0 /* DealCell.swift in Sources */ = {isa = PBXBuildFile; fileRef = 151E706E2941FC75000F9ED0 /* DealCell.swift */; };
		155E2E092942CF470094E5DA /* HeaderCell.swift in Sources */ = {isa = PBXBuildFile; fileRef = 155E2E072942CF470094E5DA /* HeaderCell.swift */; };
		711F63EE29B3687E003949B4 /* DealCell.xib in Resources */ = {isa = PBXBuildFile; fileRef = 711F63ED29B3687E003949B4 /* DealCell.xib */; };
		71471D3629B36FFF004AE0F7 /* Deal.swift in Sources */ = {isa = PBXBuildFile; fileRef = 71471D3529B36FFF004AE0F7 /* Deal.swift */; };
		71A1B31D29B4B77A000B5AE4 /* String+Extension.swift in Sources */ = {isa = PBXBuildFile; fileRef = 71A1B31C29B4B77A000B5AE4 /* String+Extension.swift */; };
		71A1B32229B4C422000B5AE4 /* NetworkService.swift in Sources */ = {isa = PBXBuildFile; fileRef = 71A1B32129B4C422000B5AE4 /* NetworkService.swift */; };
		71A1B32429B4D3C9000B5AE4 /* AssemblyBuilder.swift in Sources */ = {isa = PBXBuildFile; fileRef = 71A1B32329B4D3C9000B5AE4 /* AssemblyBuilder.swift */; };
		71A1B32729B4D475000B5AE4 /* AssemblyBuilderProtocol.swift in Sources */ = {isa = PBXBuildFile; fileRef = 71A1B32629B4D475000B5AE4 /* AssemblyBuilderProtocol.swift */; };
		71A1B32929B4D4B0000B5AE4 /* DealCellProtocol.swift in Sources */ = {isa = PBXBuildFile; fileRef = 71A1B32829B4D4B0000B5AE4 /* DealCellProtocol.swift */; };
		71A1B32C29B4D5E0000B5AE4 /* ServerProtocol.swift in Sources */ = {isa = PBXBuildFile; fileRef = 71A1B32B29B4D5E0000B5AE4 /* ServerProtocol.swift */; };
		71A1B32E29B4D60E000B5AE4 /* NetworkServiceProtocol.swift in Sources */ = {isa = PBXBuildFile; fileRef = 71A1B32D29B4D60E000B5AE4 /* NetworkServiceProtocol.swift */; };
		71BD28C329B511DD006DD5D7 /* DealPresenter.swift in Sources */ = {isa = PBXBuildFile; fileRef = 71BD28C229B511DD006DD5D7 /* DealPresenter.swift */; };
		71BD28C629B5122B006DD5D7 /* DealPresenterProtocol.swift in Sources */ = {isa = PBXBuildFile; fileRef = 71BD28C529B5122B006DD5D7 /* DealPresenterProtocol.swift */; };
		71BD28C929B5201F006DD5D7 /* DealViewProtocol.swift in Sources */ = {isa = PBXBuildFile; fileRef = 71BD28C829B5201F006DD5D7 /* DealViewProtocol.swift */; };
		71BD28CB29B520CC006DD5D7 /* UIViewController+Extension.swift in Sources */ = {isa = PBXBuildFile; fileRef = 71BD28CA29B520CB006DD5D7 /* UIViewController+Extension.swift */; };
		71DE205D29B49A0E00DD9973 /* Typealias.swift in Sources */ = {isa = PBXBuildFile; fileRef = 71DE205C29B49A0D00DD9973 /* Typealias.swift */; };
		71DE206329B4A32300DD9973 /* HeaderCell.xib in Resources */ = {isa = PBXBuildFile; fileRef = 71DE206229B4A32200DD9973 /* HeaderCell.xib */; };
		71DE206529B4A3D400DD9973 /* ButtonState.swift in Sources */ = {isa = PBXBuildFile; fileRef = 71DE206429B4A3D400DD9973 /* ButtonState.swift */; };
/* End PBXBuildFile section */

/* Begin PBXFileReference section */
		151E70532940D970000F9ED0 /* TemplateOfDealsViewer.app */ = {isa = PBXFileReference; explicitFileType = wrapper.application; includeInIndex = 0; path = TemplateOfDealsViewer.app; sourceTree = BUILT_PRODUCTS_DIR; };
		151E70562940D970000F9ED0 /* AppDelegate.swift */ = {isa = PBXFileReference; lastKnownFileType = sourcecode.swift; path = AppDelegate.swift; sourceTree = "<group>"; };
		151E70582940D970000F9ED0 /* SceneDelegate.swift */ = {isa = PBXFileReference; lastKnownFileType = sourcecode.swift; path = SceneDelegate.swift; sourceTree = "<group>"; };
		151E705A2940D970000F9ED0 /* DealsViewController.swift */ = {isa = PBXFileReference; lastKnownFileType = sourcecode.swift; path = DealsViewController.swift; sourceTree = "<group>"; };
		151E705F2940D971000F9ED0 /* Assets.xcassets */ = {isa = PBXFileReference; lastKnownFileType = folder.assetcatalog; path = Assets.xcassets; sourceTree = "<group>"; };
		151E70622940D971000F9ED0 /* Base */ = {isa = PBXFileReference; lastKnownFileType = file.storyboard; name = Base; path = Base.lproj/LaunchScreen.storyboard; sourceTree = "<group>"; };
		151E70642940D971000F9ED0 /* Info.plist */ = {isa = PBXFileReference; lastKnownFileType = text.plist.xml; path = Info.plist; sourceTree = "<group>"; };
		151E706A2940D98C000F9ED0 /* Server.swift */ = {isa = PBXFileReference; lastKnownFileType = sourcecode.swift; path = Server.swift; sourceTree = "<group>"; };
		151E706E2941FC75000F9ED0 /* DealCell.swift */ = {isa = PBXFileReference; fileEncoding = 4; lastKnownFileType = sourcecode.swift; path = DealCell.swift; sourceTree = "<group>"; };
		155E2E072942CF470094E5DA /* HeaderCell.swift */ = {isa = PBXFileReference; fileEncoding = 4; lastKnownFileType = sourcecode.swift; path = HeaderCell.swift; sourceTree = "<group>"; };
		711F63ED29B3687E003949B4 /* DealCell.xib */ = {isa = PBXFileReference; fileEncoding = 4; lastKnownFileType = file.xib; path = DealCell.xib; sourceTree = "<group>"; };
		71471D3529B36FFF004AE0F7 /* Deal.swift */ = {isa = PBXFileReference; lastKnownFileType = sourcecode.swift; path = Deal.swift; sourceTree = "<group>"; };
		71A1B31C29B4B77A000B5AE4 /* String+Extension.swift */ = {isa = PBXFileReference; lastKnownFileType = sourcecode.swift; path = "String+Extension.swift"; sourceTree = "<group>"; };
		71A1B32129B4C422000B5AE4 /* NetworkService.swift */ = {isa = PBXFileReference; lastKnownFileType = sourcecode.swift; path = NetworkService.swift; sourceTree = "<group>"; };
		71A1B32329B4D3C9000B5AE4 /* AssemblyBuilder.swift */ = {isa = PBXFileReference; lastKnownFileType = sourcecode.swift; path = AssemblyBuilder.swift; sourceTree = "<group>"; };
		71A1B32629B4D475000B5AE4 /* AssemblyBuilderProtocol.swift */ = {isa = PBXFileReference; lastKnownFileType = sourcecode.swift; path = AssemblyBuilderProtocol.swift; sourceTree = "<group>"; };
		71A1B32829B4D4B0000B5AE4 /* DealCellProtocol.swift */ = {isa = PBXFileReference; lastKnownFileType = sourcecode.swift; path = DealCellProtocol.swift; sourceTree = "<group>"; };
		71A1B32B29B4D5E0000B5AE4 /* ServerProtocol.swift */ = {isa = PBXFileReference; lastKnownFileType = sourcecode.swift; path = ServerProtocol.swift; sourceTree = "<group>"; };
		71A1B32D29B4D60E000B5AE4 /* NetworkServiceProtocol.swift */ = {isa = PBXFileReference; lastKnownFileType = sourcecode.swift; path = NetworkServiceProtocol.swift; sourceTree = "<group>"; };
		71BD28C229B511DD006DD5D7 /* DealPresenter.swift */ = {isa = PBXFileReference; lastKnownFileType = sourcecode.swift; path = DealPresenter.swift; sourceTree = "<group>"; };
		71BD28C529B5122B006DD5D7 /* DealPresenterProtocol.swift */ = {isa = PBXFileReference; lastKnownFileType = sourcecode.swift; path = DealPresenterProtocol.swift; sourceTree = "<group>"; };
		71BD28C829B5201F006DD5D7 /* DealViewProtocol.swift */ = {isa = PBXFileReference; lastKnownFileType = sourcecode.swift; path = DealViewProtocol.swift; sourceTree = "<group>"; };
		71BD28CA29B520CB006DD5D7 /* UIViewController+Extension.swift */ = {isa = PBXFileReference; lastKnownFileType = sourcecode.swift; path = "UIViewController+Extension.swift"; sourceTree = "<group>"; };
		71DE205C29B49A0D00DD9973 /* Typealias.swift */ = {isa = PBXFileReference; lastKnownFileType = sourcecode.swift; path = Typealias.swift; sourceTree = "<group>"; };
		71DE206229B4A32200DD9973 /* HeaderCell.xib */ = {isa = PBXFileReference; fileEncoding = 4; lastKnownFileType = file.xib; path = HeaderCell.xib; sourceTree = "<group>"; };
		71DE206429B4A3D400DD9973 /* ButtonState.swift */ = {isa = PBXFileReference; lastKnownFileType = sourcecode.swift; path = ButtonState.swift; sourceTree = "<group>"; };
/* End PBXFileReference section */

/* Begin PBXFrameworksBuildPhase section */
		151E70502940D970000F9ED0 /* Frameworks */ = {
			isa = PBXFrameworksBuildPhase;
			buildActionMask = 2147483647;
			files = (
			);
			runOnlyForDeploymentPostprocessing = 0;
		};
/* End PBXFrameworksBuildPhase section */

/* Begin PBXGroup section */
		151E704A2940D970000F9ED0 = {
			isa = PBXGroup;
			children = (
				151E70552940D970000F9ED0 /* TemplateOfDealsViewer */,
				151E70542940D970000F9ED0 /* Products */,
			);
			sourceTree = "<group>";
		};
		151E70542940D970000F9ED0 /* Products */ = {
			isa = PBXGroup;
			children = (
				151E70532940D970000F9ED0 /* TemplateOfDealsViewer.app */,
			);
			name = Products;
			sourceTree = "<group>";
		};
		151E70552940D970000F9ED0 /* TemplateOfDealsViewer */ = {
			isa = PBXGroup;
			children = (
				151E70562940D970000F9ED0 /* AppDelegate.swift */,
				151E70582940D970000F9ED0 /* SceneDelegate.swift */,
				71A1B32529B4D460000B5AE4 /* Builder */,
				71BD28C029B511A4006DD5D7 /* DealScreen */,
				71A1B31E29B4B78E000B5AE4 /* Extensions */,
				71DE206129B49AA400DD9973 /* Enums */,
				71DE205E29B49A9700DD9973 /* Typealias */,
				71471D3C29B37374004AE0F7 /* ServiceLayer */,
				71A1B32A29B4D5DA000B5AE4 /* Server */,
				151E705F2940D971000F9ED0 /* Assets.xcassets */,
				151E70612940D971000F9ED0 /* LaunchScreen.storyboard */,
				151E70642940D971000F9ED0 /* Info.plist */,
			);
			path = TemplateOfDealsViewer;
			sourceTree = "<group>";
		};
		71471D3929B370C3004AE0F7 /* Models */ = {
			isa = PBXGroup;
			children = (
				71471D3529B36FFF004AE0F7 /* Deal.swift */,
			);
			path = Models;
			sourceTree = "<group>";
		};
		71471D3A29B372CF004AE0F7 /* DealCell */ = {
			isa = PBXGroup;
			children = (
				71A1B32829B4D4B0000B5AE4 /* DealCellProtocol.swift */,
				151E706E2941FC75000F9ED0 /* DealCell.swift */,
				711F63ED29B3687E003949B4 /* DealCell.xib */,
			);
			path = DealCell;
			sourceTree = "<group>";
		};
		71471D3B29B372DA004AE0F7 /* HeaderCell */ = {
			isa = PBXGroup;
			children = (
				155E2E072942CF470094E5DA /* HeaderCell.swift */,
				71DE206229B4A32200DD9973 /* HeaderCell.xib */,
			);
			path = HeaderCell;
			sourceTree = "<group>";
		};
		71471D3C29B37374004AE0F7 /* ServiceLayer */ = {
			isa = PBXGroup;
			children = (
				71A1B32D29B4D60E000B5AE4 /* NetworkServiceProtocol.swift */,
				71A1B32129B4C422000B5AE4 /* NetworkService.swift */,
			);
			path = ServiceLayer;
			sourceTree = "<group>";
		};
		71A1B31E29B4B78E000B5AE4 /* Extensions */ = {
			isa = PBXGroup;
			children = (
				71A1B31C29B4B77A000B5AE4 /* String+Extension.swift */,
				71BD28CA29B520CB006DD5D7 /* UIViewController+Extension.swift */,
			);
			path = Extensions;
			sourceTree = "<group>";
		};
		71A1B32529B4D460000B5AE4 /* Builder */ = {
			isa = PBXGroup;
			children = (
				71A1B32629B4D475000B5AE4 /* AssemblyBuilderProtocol.swift */,
				71A1B32329B4D3C9000B5AE4 /* AssemblyBuilder.swift */,
			);
			path = Builder;
			sourceTree = "<group>";
		};
		71A1B32A29B4D5DA000B5AE4 /* Server */ = {
			isa = PBXGroup;
			children = (
				71A1B32B29B4D5E0000B5AE4 /* ServerProtocol.swift */,
				151E706A2940D98C000F9ED0 /* Server.swift */,
			);
			path = Server;
			sourceTree = "<group>";
		};
		71BD28C029B511A4006DD5D7 /* DealScreen */ = {
			isa = PBXGroup;
			children = (
				71BD28C729B51E0A006DD5D7 /* View */,
				71471D3929B370C3004AE0F7 /* Models */,
				71BD28C429B511E4006DD5D7 /* Presenter */,
			);
			path = DealScreen;
			sourceTree = "<group>";
		};
		71BD28C129B511C0006DD5D7 /* DealViewController */ = {
			isa = PBXGroup;
			children = (
				71BD28C829B5201F006DD5D7 /* DealViewProtocol.swift */,
				151E705A2940D970000F9ED0 /* DealsViewController.swift */,
			);
			path = DealViewController;
			sourceTree = "<group>";
		};
		71BD28C429B511E4006DD5D7 /* Presenter */ = {
			isa = PBXGroup;
			children = (
				71BD28C529B5122B006DD5D7 /* DealPresenterProtocol.swift */,
				71BD28C229B511DD006DD5D7 /* DealPresenter.swift */,
			);
			path = Presenter;
			sourceTree = "<group>";
		};
		71BD28C729B51E0A006DD5D7 /* View */ = {
			isa = PBXGroup;
			children = (
				71BD28C129B511C0006DD5D7 /* DealViewController */,
				71471D3B29B372DA004AE0F7 /* HeaderCell */,
				71471D3A29B372CF004AE0F7 /* DealCell */,
			);
			path = View;
			sourceTree = "<group>";
		};
		71DE205E29B49A9700DD9973 /* Typealias */ = {
			isa = PBXGroup;
			children = (
				71DE205C29B49A0D00DD9973 /* Typealias.swift */,
			);
			path = Typealias;
			sourceTree = "<group>";
		};
		71DE206129B49AA400DD9973 /* Enums */ = {
			isa = PBXGroup;
			children = (
				71DE206429B4A3D400DD9973 /* ButtonState.swift */,
			);
			path = Enums;
			sourceTree = "<group>";
		};
/* End PBXGroup section */

/* Begin PBXNativeTarget section */
		151E70522940D970000F9ED0 /* TemplateOfDealsViewer */ = {
			isa = PBXNativeTarget;
			buildConfigurationList = 151E70672940D971000F9ED0 /* Build configuration list for PBXNativeTarget "TemplateOfDealsViewer" */;
			buildPhases = (
				151E704F2940D970000F9ED0 /* Sources */,
				151E70502940D970000F9ED0 /* Frameworks */,
				151E70512940D970000F9ED0 /* Resources */,
				71B97EE329B364C4005FCEAF /* Swift Formatter */,
				71B97EE429B364CD005FCEAF /* Swift Linter */,
			);
			buildRules = (
			);
			dependencies = (
			);
			name = TemplateOfDealsViewer;
			productName = TemplateOfDealsViewer;
			productReference = 151E70532940D970000F9ED0 /* TemplateOfDealsViewer.app */;
			productType = "com.apple.product-type.application";
		};
/* End PBXNativeTarget section */

/* Begin PBXProject section */
		151E704B2940D970000F9ED0 /* Project object */ = {
			isa = PBXProject;
			attributes = {
				BuildIndependentTargetsInParallel = 1;
				LastSwiftUpdateCheck = 1400;
				LastUpgradeCheck = 1400;
				TargetAttributes = {
					151E70522940D970000F9ED0 = {
						CreatedOnToolsVersion = 14.0.1;
					};
				};
			};
			buildConfigurationList = 151E704E2940D970000F9ED0 /* Build configuration list for PBXProject "TemplateOfDealsViewer" */;
			compatibilityVersion = "Xcode 14.0";
			developmentRegion = en;
			hasScannedForEncodings = 0;
			knownRegions = (
				en,
				Base,
			);
			mainGroup = 151E704A2940D970000F9ED0;
			productRefGroup = 151E70542940D970000F9ED0 /* Products */;
			projectDirPath = "";
			projectRoot = "";
			targets = (
				151E70522940D970000F9ED0 /* TemplateOfDealsViewer */,
			);
		};
/* End PBXProject section */

/* Begin PBXResourcesBuildPhase section */
		151E70512940D970000F9ED0 /* Resources */ = {
			isa = PBXResourcesBuildPhase;
			buildActionMask = 2147483647;
			files = (
				71DE206329B4A32300DD9973 /* HeaderCell.xib in Resources */,
				151E70632940D971000F9ED0 /* LaunchScreen.storyboard in Resources */,
				151E70602940D971000F9ED0 /* Assets.xcassets in Resources */,
				711F63EE29B3687E003949B4 /* DealCell.xib in Resources */,
			);
			runOnlyForDeploymentPostprocessing = 0;
		};
/* End PBXResourcesBuildPhase section */

/* Begin PBXShellScriptBuildPhase section */
		71B97EE329B364C4005FCEAF /* Swift Formatter */ = {
			isa = PBXShellScriptBuildPhase;
			buildActionMask = 2147483647;
			files = (
			);
			inputFileListPaths = (
			);
			inputPaths = (
			);
			name = "Swift Formatter";
			outputFileListPaths = (
			);
			outputPaths = (
			);
			runOnlyForDeploymentPostprocessing = 0;
			shellPath = /bin/sh;
			shellScript = "if which swiftformat >/dev/null; then\n  swiftformat .\nelse\n  echo \"warning: SwiftFormat not installed, download from https://github.com/nicklockwood/SwiftFormat\"\nfi\n";
		};
		71B97EE429B364CD005FCEAF /* Swift Linter */ = {
			isa = PBXShellScriptBuildPhase;
			buildActionMask = 2147483647;
			files = (
			);
			inputFileListPaths = (
			);
			inputPaths = (
			);
			name = "Swift Linter";
			outputFileListPaths = (
			);
			outputPaths = (
			);
			runOnlyForDeploymentPostprocessing = 0;
			shellPath = /bin/sh;
			shellScript = "if which swiftlint > /dev/null; then\n  swiftlint\nelse\n  echo \"warning: SwiftLint not installed, download from https://github.com/realm/SwiftLint\"\nfi\n";
		};
/* End PBXShellScriptBuildPhase section */

/* Begin PBXSourcesBuildPhase section */
		151E704F2940D970000F9ED0 /* Sources */ = {
			isa = PBXSourcesBuildPhase;
			buildActionMask = 2147483647;
			files = (
				71A1B32229B4C422000B5AE4 /* NetworkService.swift in Sources */,
				151E706F2941FC75000F9ED0 /* DealCell.swift in Sources */,
				71DE206529B4A3D400DD9973 /* ButtonState.swift in Sources */,
				71A1B32429B4D3C9000B5AE4 /* AssemblyBuilder.swift in Sources */,
				71A1B32E29B4D60E000B5AE4 /* NetworkServiceProtocol.swift in Sources */,
				71BD28C929B5201F006DD5D7 /* DealViewProtocol.swift in Sources */,
				71A1B32729B4D475000B5AE4 /* AssemblyBuilderProtocol.swift in Sources */,
				71A1B32929B4D4B0000B5AE4 /* DealCellProtocol.swift in Sources */,
				71BD28CB29B520CC006DD5D7 /* UIViewController+Extension.swift in Sources */,
				151E705B2940D970000F9ED0 /* DealsViewController.swift in Sources */,
				155E2E092942CF470094E5DA /* HeaderCell.swift in Sources */,
				71A1B32C29B4D5E0000B5AE4 /* ServerProtocol.swift in Sources */,
				71BD28C629B5122B006DD5D7 /* DealPresenterProtocol.swift in Sources */,
				151E70572940D970000F9ED0 /* AppDelegate.swift in Sources */,
				151E706B2940D98C000F9ED0 /* Server.swift in Sources */,
				151E70592940D970000F9ED0 /* SceneDelegate.swift in Sources */,
				71BD28C329B511DD006DD5D7 /* DealPresenter.swift in Sources */,
				71DE205D29B49A0E00DD9973 /* Typealias.swift in Sources */,
				71A1B31D29B4B77A000B5AE4 /* String+Extension.swift in Sources */,
				71471D3629B36FFF004AE0F7 /* Deal.swift in Sources */,
			);
			runOnlyForDeploymentPostprocessing = 0;
		};
/* End PBXSourcesBuildPhase section */

/* Begin PBXVariantGroup section */
		151E70612940D971000F9ED0 /* LaunchScreen.storyboard */ = {
			isa = PBXVariantGroup;
			children = (
				151E70622940D971000F9ED0 /* Base */,
			);
			name = LaunchScreen.storyboard;
			sourceTree = "<group>";
		};
/* End PBXVariantGroup section */

/* Begin XCBuildConfiguration section */
		151E70652940D971000F9ED0 /* Debug */ = {
			isa = XCBuildConfiguration;
			buildSettings = {
				ALWAYS_SEARCH_USER_PATHS = NO;
				CLANG_ANALYZER_NONNULL = YES;
				CLANG_ANALYZER_NUMBER_OBJECT_CONVERSION = YES_AGGRESSIVE;
				CLANG_CXX_LANGUAGE_STANDARD = "gnu++20";
				CLANG_ENABLE_MODULES = YES;
				CLANG_ENABLE_OBJC_ARC = YES;
				CLANG_ENABLE_OBJC_WEAK = YES;
				CLANG_WARN_BLOCK_CAPTURE_AUTORELEASING = YES;
				CLANG_WARN_BOOL_CONVERSION = YES;
				CLANG_WARN_COMMA = YES;
				CLANG_WARN_CONSTANT_CONVERSION = YES;
				CLANG_WARN_DEPRECATED_OBJC_IMPLEMENTATIONS = YES;
				CLANG_WARN_DIRECT_OBJC_ISA_USAGE = YES_ERROR;
				CLANG_WARN_DOCUMENTATION_COMMENTS = YES;
				CLANG_WARN_EMPTY_BODY = YES;
				CLANG_WARN_ENUM_CONVERSION = YES;
				CLANG_WARN_INFINITE_RECURSION = YES;
				CLANG_WARN_INT_CONVERSION = YES;
				CLANG_WARN_NON_LITERAL_NULL_CONVERSION = YES;
				CLANG_WARN_OBJC_IMPLICIT_RETAIN_SELF = YES;
				CLANG_WARN_OBJC_LITERAL_CONVERSION = YES;
				CLANG_WARN_OBJC_ROOT_CLASS = YES_ERROR;
				CLANG_WARN_QUOTED_INCLUDE_IN_FRAMEWORK_HEADER = YES;
				CLANG_WARN_RANGE_LOOP_ANALYSIS = YES;
				CLANG_WARN_STRICT_PROTOTYPES = YES;
				CLANG_WARN_SUSPICIOUS_MOVE = YES;
				CLANG_WARN_UNGUARDED_AVAILABILITY = YES_AGGRESSIVE;
				CLANG_WARN_UNREACHABLE_CODE = YES;
				CLANG_WARN__DUPLICATE_METHOD_MATCH = YES;
				COPY_PHASE_STRIP = NO;
				DEBUG_INFORMATION_FORMAT = dwarf;
				ENABLE_STRICT_OBJC_MSGSEND = YES;
				ENABLE_TESTABILITY = YES;
				GCC_C_LANGUAGE_STANDARD = gnu11;
				GCC_DYNAMIC_NO_PIC = NO;
				GCC_NO_COMMON_BLOCKS = YES;
				GCC_OPTIMIZATION_LEVEL = 0;
				GCC_PREPROCESSOR_DEFINITIONS = (
					"DEBUG=1",
					"$(inherited)",
				);
				GCC_WARN_64_TO_32_BIT_CONVERSION = YES;
				GCC_WARN_ABOUT_RETURN_TYPE = YES_ERROR;
				GCC_WARN_UNDECLARED_SELECTOR = YES;
				GCC_WARN_UNINITIALIZED_AUTOS = YES_AGGRESSIVE;
				GCC_WARN_UNUSED_FUNCTION = YES;
				GCC_WARN_UNUSED_VARIABLE = YES;
				IPHONEOS_DEPLOYMENT_TARGET = 16.0;
				MTL_ENABLE_DEBUG_INFO = INCLUDE_SOURCE;
				MTL_FAST_MATH = YES;
				ONLY_ACTIVE_ARCH = YES;
				SDKROOT = iphoneos;
				SWIFT_ACTIVE_COMPILATION_CONDITIONS = DEBUG;
				SWIFT_OPTIMIZATION_LEVEL = "-Onone";
			};
			name = Debug;
		};
		151E70662940D971000F9ED0 /* Release */ = {
			isa = XCBuildConfiguration;
			buildSettings = {
				ALWAYS_SEARCH_USER_PATHS = NO;
				CLANG_ANALYZER_NONNULL = YES;
				CLANG_ANALYZER_NUMBER_OBJECT_CONVERSION = YES_AGGRESSIVE;
				CLANG_CXX_LANGUAGE_STANDARD = "gnu++20";
				CLANG_ENABLE_MODULES = YES;
				CLANG_ENABLE_OBJC_ARC = YES;
				CLANG_ENABLE_OBJC_WEAK = YES;
				CLANG_WARN_BLOCK_CAPTURE_AUTORELEASING = YES;
				CLANG_WARN_BOOL_CONVERSION = YES;
				CLANG_WARN_COMMA = YES;
				CLANG_WARN_CONSTANT_CONVERSION = YES;
				CLANG_WARN_DEPRECATED_OBJC_IMPLEMENTATIONS = YES;
				CLANG_WARN_DIRECT_OBJC_ISA_USAGE = YES_ERROR;
				CLANG_WARN_DOCUMENTATION_COMMENTS = YES;
				CLANG_WARN_EMPTY_BODY = YES;
				CLANG_WARN_ENUM_CONVERSION = YES;
				CLANG_WARN_INFINITE_RECURSION = YES;
				CLANG_WARN_INT_CONVERSION = YES;
				CLANG_WARN_NON_LITERAL_NULL_CONVERSION = YES;
				CLANG_WARN_OBJC_IMPLICIT_RETAIN_SELF = YES;
				CLANG_WARN_OBJC_LITERAL_CONVERSION = YES;
				CLANG_WARN_OBJC_ROOT_CLASS = YES_ERROR;
				CLANG_WARN_QUOTED_INCLUDE_IN_FRAMEWORK_HEADER = YES;
				CLANG_WARN_RANGE_LOOP_ANALYSIS = YES;
				CLANG_WARN_STRICT_PROTOTYPES = YES;
				CLANG_WARN_SUSPICIOUS_MOVE = YES;
				CLANG_WARN_UNGUARDED_AVAILABILITY = YES_AGGRESSIVE;
				CLANG_WARN_UNREACHABLE_CODE = YES;
				CLANG_WARN__DUPLICATE_METHOD_MATCH = YES;
				COPY_PHASE_STRIP = NO;
				DEBUG_INFORMATION_FORMAT = "dwarf-with-dsym";
				ENABLE_NS_ASSERTIONS = NO;
				ENABLE_STRICT_OBJC_MSGSEND = YES;
				GCC_C_LANGUAGE_STANDARD = gnu11;
				GCC_NO_COMMON_BLOCKS = YES;
				GCC_WARN_64_TO_32_BIT_CONVERSION = YES;
				GCC_WARN_ABOUT_RETURN_TYPE = YES_ERROR;
				GCC_WARN_UNDECLARED_SELECTOR = YES;
				GCC_WARN_UNINITIALIZED_AUTOS = YES_AGGRESSIVE;
				GCC_WARN_UNUSED_FUNCTION = YES;
				GCC_WARN_UNUSED_VARIABLE = YES;
				IPHONEOS_DEPLOYMENT_TARGET = 16.0;
				MTL_ENABLE_DEBUG_INFO = NO;
				MTL_FAST_MATH = YES;
				SDKROOT = iphoneos;
				SWIFT_COMPILATION_MODE = wholemodule;
				SWIFT_OPTIMIZATION_LEVEL = "-O";
				VALIDATE_PRODUCT = YES;
			};
			name = Release;
		};
		151E70682940D971000F9ED0 /* Debug */ = {
			isa = XCBuildConfiguration;
			buildSettings = {
				ASSETCATALOG_COMPILER_APPICON_NAME = AppIcon;
				ASSETCATALOG_COMPILER_GLOBAL_ACCENT_COLOR_NAME = AccentColor;
				CODE_SIGN_STYLE = Automatic;
				CURRENT_PROJECT_VERSION = 1;
				DEVELOPMENT_TEAM = 9K9C6RY6JG;
				GENERATE_INFOPLIST_FILE = YES;
				INFOPLIST_FILE = TemplateOfDealsViewer/Info.plist;
				INFOPLIST_KEY_UIApplicationSupportsIndirectInputEvents = YES;
				INFOPLIST_KEY_UILaunchStoryboardName = LaunchScreen;
				INFOPLIST_KEY_UISupportedInterfaceOrientations_iPad = "UIInterfaceOrientationPortrait UIInterfaceOrientationPortraitUpsideDown UIInterfaceOrientationLandscapeLeft UIInterfaceOrientationLandscapeRight";
				INFOPLIST_KEY_UISupportedInterfaceOrientations_iPhone = "UIInterfaceOrientationPortrait UIInterfaceOrientationLandscapeLeft UIInterfaceOrientationLandscapeRight";
				LD_RUNPATH_SEARCH_PATHS = (
					"$(inherited)",
					"@executable_path/Frameworks",
				);
				MARKETING_VERSION = 1.0;
				PRODUCT_BUNDLE_IDENTIFIER = com.ntprog.TemplateOfDealsViewer;
				PRODUCT_NAME = "$(TARGET_NAME)";
				SWIFT_EMIT_LOC_STRINGS = YES;
				SWIFT_VERSION = 5.0;
				TARGETED_DEVICE_FAMILY = "1,2";
			};
			name = Debug;
		};
		151E70692940D971000F9ED0 /* Release */ = {
			isa = XCBuildConfiguration;
			buildSettings = {
				ASSETCATALOG_COMPILER_APPICON_NAME = AppIcon;
				ASSETCATALOG_COMPILER_GLOBAL_ACCENT_COLOR_NAME = AccentColor;
				CODE_SIGN_STYLE = Automatic;
				CURRENT_PROJECT_VERSION = 1;
				DEVELOPMENT_TEAM = 9K9C6RY6JG;
				GENERATE_INFOPLIST_FILE = YES;
				INFOPLIST_FILE = TemplateOfDealsViewer/Info.plist;
				INFOPLIST_KEY_UIApplicationSupportsIndirectInputEvents = YES;
				INFOPLIST_KEY_UILaunchStoryboardName = LaunchScreen;
				INFOPLIST_KEY_UISupportedInterfaceOrientations_iPad = "UIInterfaceOrientationPortrait UIInterfaceOrientationPortraitUpsideDown UIInterfaceOrientationLandscapeLeft UIInterfaceOrientationLandscapeRight";
				INFOPLIST_KEY_UISupportedInterfaceOrientations_iPhone = "UIInterfaceOrientationPortrait UIInterfaceOrientationLandscapeLeft UIInterfaceOrientationLandscapeRight";
				LD_RUNPATH_SEARCH_PATHS = (
					"$(inherited)",
					"@executable_path/Frameworks",
				);
				MARKETING_VERSION = 1.0;
				PRODUCT_BUNDLE_IDENTIFIER = com.ntprog.TemplateOfDealsViewer;
				PRODUCT_NAME = "$(TARGET_NAME)";
				SWIFT_EMIT_LOC_STRINGS = YES;
				SWIFT_VERSION = 5.0;
				TARGETED_DEVICE_FAMILY = "1,2";
			};
			name = Release;
		};
/* End XCBuildConfiguration section */

/* Begin XCConfigurationList section */
		151E704E2940D970000F9ED0 /* Build configuration list for PBXProject "TemplateOfDealsViewer" */ = {
			isa = XCConfigurationList;
			buildConfigurations = (
				151E70652940D971000F9ED0 /* Debug */,
				151E70662940D971000F9ED0 /* Release */,
			);
			defaultConfigurationIsVisible = 0;
			defaultConfigurationName = Release;
		};
		151E70672940D971000F9ED0 /* Build configuration list for PBXNativeTarget "TemplateOfDealsViewer" */ = {
			isa = XCConfigurationList;
			buildConfigurations = (
				151E70682940D971000F9ED0 /* Debug */,
				151E70692940D971000F9ED0 /* Release */,
			);
			defaultConfigurationIsVisible = 0;
			defaultConfigurationName = Release;
		};
/* End XCConfigurationList section */
	};
	rootObject = 151E704B2940D970000F9ED0 /* Project object */;
}
